// !$*UTF8*$!
{
	archiveVersion = 1;
	classes = {
	};
	objectVersion = 46;
	objects = {

/* Begin PBXBuildFile section */
		A7464F3F1DC47F33009C5495 /* Assets.xcassets in Resources */ = {isa = PBXBuildFile; fileRef = A7464F3E1DC47F33009C5495 /* Assets.xcassets */; };
		A7464F421DC47F33009C5495 /* LaunchScreen.storyboard in Resources */ = {isa = PBXBuildFile; fileRef = A7464F401DC47F33009C5495 /* LaunchScreen.storyboard */; };
		A7464F4D1DC47F33009C5495 /* ZebraTests.m in Sources */ = {isa = PBXBuildFile; fileRef = A7464F4C1DC47F33009C5495 /* ZebraTests.m */; };
		A7464F581DC47F33009C5495 /* ZebraUITests.m in Sources */ = {isa = PBXBuildFile; fileRef = A7464F571DC47F33009C5495 /* ZebraUITests.m */; };
		A7FEAA391DC4828F00A013CA /* AppDelegate.m in Sources */ = {isa = PBXBuildFile; fileRef = A7FEAA211DC4828F00A013CA /* AppDelegate.m */; };
		A7FEAA3A1DC4828F00A013CA /* JCMainNavigation.m in Sources */ = {isa = PBXBuildFile; fileRef = A7FEAA241DC4828F00A013CA /* JCMainNavigation.m */; };
		A7FEAA3B1DC4828F00A013CA /* JCMainTabBar.m in Sources */ = {isa = PBXBuildFile; fileRef = A7FEAA261DC4828F00A013CA /* JCMainTabBar.m */; };
		A7FEAA3C1DC4828F00A013CA /* main.m in Sources */ = {isa = PBXBuildFile; fileRef = A7FEAA271DC4828F00A013CA /* main.m */; };
		A7FEAA3F1DC4837000A013CA /* JCSportViewController.m in Sources */ = {isa = PBXBuildFile; fileRef = A7FEAA3E1DC4837000A013CA /* JCSportViewController.m */; };
		A7FEAA421DC4839D00A013CA /* JCTrackViewController.m in Sources */ = {isa = PBXBuildFile; fileRef = A7FEAA411DC4839D00A013CA /* JCTrackViewController.m */; };
		A7FEAA451DC483AD00A013CA /* JCDiscoverViewController.m in Sources */ = {isa = PBXBuildFile; fileRef = A7FEAA441DC483AD00A013CA /* JCDiscoverViewController.m */; };
		A7FEAA481DC483C200A013CA /* JCPersonalViewController.m in Sources */ = {isa = PBXBuildFile; fileRef = A7FEAA471DC483C200A013CA /* JCPersonalViewController.m */; };
/* End PBXBuildFile section */

/* Begin PBXContainerItemProxy section */
		A7464F491DC47F33009C5495 /* PBXContainerItemProxy */ = {
			isa = PBXContainerItemProxy;
			containerPortal = A7464F271DC47F33009C5495 /* Project object */;
			proxyType = 1;
			remoteGlobalIDString = A7464F2E1DC47F33009C5495;
			remoteInfo = Zebra;
		};
		A7464F541DC47F33009C5495 /* PBXContainerItemProxy */ = {
			isa = PBXContainerItemProxy;
			containerPortal = A7464F271DC47F33009C5495 /* Project object */;
			proxyType = 1;
			remoteGlobalIDString = A7464F2E1DC47F33009C5495;
			remoteInfo = Zebra;
		};
/* End PBXContainerItemProxy section */

/* Begin PBXFileReference section */
		A7464F2F1DC47F33009C5495 /* Zebra.app */ = {isa = PBXFileReference; explicitFileType = wrapper.application; includeInIndex = 0; path = Zebra.app; sourceTree = BUILT_PRODUCTS_DIR; };
		A7464F3E1DC47F33009C5495 /* Assets.xcassets */ = {isa = PBXFileReference; lastKnownFileType = folder.assetcatalog; path = Assets.xcassets; sourceTree = "<group>"; };
		A7464F411DC47F33009C5495 /* Base */ = {isa = PBXFileReference; lastKnownFileType = file.storyboard; name = Base; path = Base.lproj/LaunchScreen.storyboard; sourceTree = "<group>"; };
		A7464F431DC47F33009C5495 /* Info.plist */ = {isa = PBXFileReference; lastKnownFileType = text.plist.xml; path = Info.plist; sourceTree = "<group>"; };
		A7464F481DC47F33009C5495 /* ZebraTests.xctest */ = {isa = PBXFileReference; explicitFileType = wrapper.cfbundle; includeInIndex = 0; path = ZebraTests.xctest; sourceTree = BUILT_PRODUCTS_DIR; };
		A7464F4C1DC47F33009C5495 /* ZebraTests.m */ = {isa = PBXFileReference; lastKnownFileType = sourcecode.c.objc; path = ZebraTests.m; sourceTree = "<group>"; };
		A7464F4E1DC47F33009C5495 /* Info.plist */ = {isa = PBXFileReference; lastKnownFileType = text.plist.xml; path = Info.plist; sourceTree = "<group>"; };
		A7464F531DC47F33009C5495 /* ZebraUITests.xctest */ = {isa = PBXFileReference; explicitFileType = wrapper.cfbundle; includeInIndex = 0; path = ZebraUITests.xctest; sourceTree = BUILT_PRODUCTS_DIR; };
		A7464F571DC47F33009C5495 /* ZebraUITests.m */ = {isa = PBXFileReference; lastKnownFileType = sourcecode.c.objc; path = ZebraUITests.m; sourceTree = "<group>"; };
		A7464F591DC47F33009C5495 /* Info.plist */ = {isa = PBXFileReference; lastKnownFileType = text.plist.xml; path = Info.plist; sourceTree = "<group>"; };
		A7FEAA201DC4828F00A013CA /* AppDelegate.h */ = {isa = PBXFileReference; fileEncoding = 4; lastKnownFileType = sourcecode.c.h; path = AppDelegate.h; sourceTree = "<group>"; };
		A7FEAA211DC4828F00A013CA /* AppDelegate.m */ = {isa = PBXFileReference; fileEncoding = 4; lastKnownFileType = sourcecode.c.objc; path = AppDelegate.m; sourceTree = "<group>"; };
		A7FEAA231DC4828F00A013CA /* JCMainNavigation.h */ = {isa = PBXFileReference; fileEncoding = 4; lastKnownFileType = sourcecode.c.h; path = JCMainNavigation.h; sourceTree = "<group>"; };
		A7FEAA241DC4828F00A013CA /* JCMainNavigation.m */ = {isa = PBXFileReference; fileEncoding = 4; lastKnownFileType = sourcecode.c.objc; path = JCMainNavigation.m; sourceTree = "<group>"; };
		A7FEAA251DC4828F00A013CA /* JCMainTabBar.h */ = {isa = PBXFileReference; fileEncoding = 4; lastKnownFileType = sourcecode.c.h; path = JCMainTabBar.h; sourceTree = "<group>"; };
		A7FEAA261DC4828F00A013CA /* JCMainTabBar.m */ = {isa = PBXFileReference; fileEncoding = 4; lastKnownFileType = sourcecode.c.objc; path = JCMainTabBar.m; sourceTree = "<group>"; };
		A7FEAA271DC4828F00A013CA /* main.m */ = {isa = PBXFileReference; fileEncoding = 4; lastKnownFileType = sourcecode.c.objc; path = main.m; sourceTree = "<group>"; };
		A7FEAA3D1DC4837000A013CA /* JCSportViewController.h */ = {isa = PBXFileReference; fileEncoding = 4; lastKnownFileType = sourcecode.c.h; path = JCSportViewController.h; sourceTree = "<group>"; };
		A7FEAA3E1DC4837000A013CA /* JCSportViewController.m */ = {isa = PBXFileReference; fileEncoding = 4; lastKnownFileType = sourcecode.c.objc; path = JCSportViewController.m; sourceTree = "<group>"; };
		A7FEAA401DC4839D00A013CA /* JCTrackViewController.h */ = {isa = PBXFileReference; fileEncoding = 4; lastKnownFileType = sourcecode.c.h; path = JCTrackViewController.h; sourceTree = "<group>"; };
		A7FEAA411DC4839D00A013CA /* JCTrackViewController.m */ = {isa = PBXFileReference; fileEncoding = 4; lastKnownFileType = sourcecode.c.objc; path = JCTrackViewController.m; sourceTree = "<group>"; };
		A7FEAA431DC483AD00A013CA /* JCDiscoverViewController.h */ = {isa = PBXFileReference; fileEncoding = 4; lastKnownFileType = sourcecode.c.h; path = JCDiscoverViewController.h; sourceTree = "<group>"; };
		A7FEAA441DC483AD00A013CA /* JCDiscoverViewController.m */ = {isa = PBXFileReference; fileEncoding = 4; lastKnownFileType = sourcecode.c.objc; path = JCDiscoverViewController.m; sourceTree = "<group>"; };
		A7FEAA461DC483C200A013CA /* JCPersonalViewController.h */ = {isa = PBXFileReference; fileEncoding = 4; lastKnownFileType = sourcecode.c.h; path = JCPersonalViewController.h; sourceTree = "<group>"; };
		A7FEAA471DC483C200A013CA /* JCPersonalViewController.m */ = {isa = PBXFileReference; fileEncoding = 4; lastKnownFileType = sourcecode.c.objc; path = JCPersonalViewController.m; sourceTree = "<group>"; };
/* End PBXFileReference section */

/* Begin PBXFrameworksBuildPhase section */
		A7464F2C1DC47F33009C5495 /* Frameworks */ = {
			isa = PBXFrameworksBuildPhase;
			buildActionMask = 2147483647;
			files = (
			);
			runOnlyForDeploymentPostprocessing = 0;
		};
		A7464F451DC47F33009C5495 /* Frameworks */ = {
			isa = PBXFrameworksBuildPhase;
			buildActionMask = 2147483647;
			files = (
			);
			runOnlyForDeploymentPostprocessing = 0;
		};
		A7464F501DC47F33009C5495 /* Frameworks */ = {
			isa = PBXFrameworksBuildPhase;
			buildActionMask = 2147483647;
			files = (
			);
			runOnlyForDeploymentPostprocessing = 0;
		};
/* End PBXFrameworksBuildPhase section */

/* Begin PBXGroup section */
		A7464F261DC47F33009C5495 = {
			isa = PBXGroup;
			children = (
				A7464F311DC47F33009C5495 /* Zebra */,
				A7464F4B1DC47F33009C5495 /* ZebraTests */,
				A7464F561DC47F33009C5495 /* ZebraUITests */,
				A7464F301DC47F33009C5495 /* Products */,
			);
			sourceTree = "<group>";
		};
		A7464F301DC47F33009C5495 /* Products */ = {
			isa = PBXGroup;
			children = (
				A7464F2F1DC47F33009C5495 /* Zebra.app */,
				A7464F481DC47F33009C5495 /* ZebraTests.xctest */,
				A7464F531DC47F33009C5495 /* ZebraUITests.xctest */,
			);
			name = Products;
			sourceTree = "<group>";
		};
		A7464F311DC47F33009C5495 /* Zebra */ = {
			isa = PBXGroup;
			children = (
				A7FEAA191DC4828F00A013CA /* Classes */,
				A7464F321DC47F33009C5495 /* Supporting Files */,
			);
			path = Zebra;
			sourceTree = "<group>";
		};
		A7464F321DC47F33009C5495 /* Supporting Files */ = {
			isa = PBXGroup;
			children = (
				A7464F3E1DC47F33009C5495 /* Assets.xcassets */,
				A7464F401DC47F33009C5495 /* LaunchScreen.storyboard */,
				A7464F431DC47F33009C5495 /* Info.plist */,
			);
			name = "Supporting Files";
			sourceTree = "<group>";
		};
		A7464F4B1DC47F33009C5495 /* ZebraTests */ = {
			isa = PBXGroup;
			children = (
				A7464F4C1DC47F33009C5495 /* ZebraTests.m */,
				A7464F4E1DC47F33009C5495 /* Info.plist */,
			);
			path = ZebraTests;
			sourceTree = "<group>";
		};
		A7464F561DC47F33009C5495 /* ZebraUITests */ = {
			isa = PBXGroup;
			children = (
				A7464F571DC47F33009C5495 /* ZebraUITests.m */,
				A7464F591DC47F33009C5495 /* Info.plist */,
			);
			path = ZebraUITests;
			sourceTree = "<group>";
		};
		A7FEAA191DC4828F00A013CA /* Classes */ = {
			isa = PBXGroup;
			children = (
				A7FEAA1A1DC4828F00A013CA /* 3rdParty */,
				A7FEAA1F1DC4828F00A013CA /* Main */,
				A7FEAA2E1DC4828F00A013CA /* Sport */,
				A7FEAA351DC4828F00A013CA /* Track */,
				A7FEAA1B1DC4828F00A013CA /* Discover */,
				A7FEAA2A1DC4828F00A013CA /* Personal */,
				A7FEAA321DC4828F00A013CA /* Tool */,
			);
			path = Classes;
			sourceTree = "<group>";
		};
		A7FEAA1A1DC4828F00A013CA /* 3rdParty */ = {
			isa = PBXGroup;
			children = (
			);
			path = 3rdParty;
			sourceTree = "<group>";
		};
		A7FEAA1B1DC4828F00A013CA /* Discover */ = {
			isa = PBXGroup;
			children = (
				A7FEAA1C1DC4828F00A013CA /* Controller */,
				A7FEAA1D1DC4828F00A013CA /* Model */,
				A7FEAA1E1DC4828F00A013CA /* View */,
			);
			path = Discover;
			sourceTree = "<group>";
		};
		A7FEAA1C1DC4828F00A013CA /* Controller */ = {
			isa = PBXGroup;
			children = (
				A7FEAA431DC483AD00A013CA /* JCDiscoverViewController.h */,
				A7FEAA441DC483AD00A013CA /* JCDiscoverViewController.m */,
			);
			path = Controller;
			sourceTree = "<group>";
		};
		A7FEAA1D1DC4828F00A013CA /* Model */ = {
			isa = PBXGroup;
			children = (
			);
			path = Model;
			sourceTree = "<group>";
		};
		A7FEAA1E1DC4828F00A013CA /* View */ = {
			isa = PBXGroup;
			children = (
			);
			path = View;
			sourceTree = "<group>";
		};
		A7FEAA1F1DC4828F00A013CA /* Main */ = {
			isa = PBXGroup;
			children = (
				A7FEAA271DC4828F00A013CA /* main.m */,
				A7FEAA201DC4828F00A013CA /* AppDelegate.h */,
				A7FEAA211DC4828F00A013CA /* AppDelegate.m */,
				A7FEAA221DC4828F00A013CA /* Controller */,
				A7FEAA281DC4828F00A013CA /* Model */,
				A7FEAA291DC4828F00A013CA /* View */,
			);
			path = Main;
			sourceTree = "<group>";
		};
		A7FEAA221DC4828F00A013CA /* Controller */ = {
			isa = PBXGroup;
			children = (
				A7FEAA231DC4828F00A013CA /* JCMainNavigation.h */,
				A7FEAA241DC4828F00A013CA /* JCMainNavigation.m */,
				A7FEAA251DC4828F00A013CA /* JCMainTabBar.h */,
				A7FEAA261DC4828F00A013CA /* JCMainTabBar.m */,
			);
			path = Controller;
			sourceTree = "<group>";
		};
		A7FEAA281DC4828F00A013CA /* Model */ = {
			isa = PBXGroup;
			children = (
			);
			path = Model;
			sourceTree = "<group>";
		};
		A7FEAA291DC4828F00A013CA /* View */ = {
			isa = PBXGroup;
			children = (
			);
			path = View;
			sourceTree = "<group>";
		};
		A7FEAA2A1DC4828F00A013CA /* Personal */ = {
			isa = PBXGroup;
			children = (
				A7FEAA2B1DC4828F00A013CA /* Controller */,
				A7FEAA2C1DC4828F00A013CA /* Model */,
				A7FEAA2D1DC4828F00A013CA /* View */,
			);
			path = Personal;
			sourceTree = "<group>";
		};
		A7FEAA2B1DC4828F00A013CA /* Controller */ = {
			isa = PBXGroup;
			children = (
				A7FEAA461DC483C200A013CA /* JCPersonalViewController.h */,
				A7FEAA471DC483C200A013CA /* JCPersonalViewController.m */,
			);
			path = Controller;
			sourceTree = "<group>";
		};
		A7FEAA2C1DC4828F00A013CA /* Model */ = {
			isa = PBXGroup;
			children = (
			);
			path = Model;
			sourceTree = "<group>";
		};
		A7FEAA2D1DC4828F00A013CA /* View */ = {
			isa = PBXGroup;
			children = (
			);
			path = View;
			sourceTree = "<group>";
		};
		A7FEAA2E1DC4828F00A013CA /* Sport */ = {
			isa = PBXGroup;
			children = (
				A7FEAA2F1DC4828F00A013CA /* Controller */,
				A7FEAA301DC4828F00A013CA /* Model */,
				A7FEAA311DC4828F00A013CA /* View */,
			);
			path = Sport;
			sourceTree = "<group>";
		};
		A7FEAA2F1DC4828F00A013CA /* Controller */ = {
			isa = PBXGroup;
			children = (
				A7FEAA3D1DC4837000A013CA /* JCSportViewController.h */,
				A7FEAA3E1DC4837000A013CA /* JCSportViewController.m */,
			);
			path = Controller;
			sourceTree = "<group>";
		};
		A7FEAA301DC4828F00A013CA /* Model */ = {
			isa = PBXGroup;
			children = (
			);
			path = Model;
			sourceTree = "<group>";
		};
		A7FEAA311DC4828F00A013CA /* View */ = {
			isa = PBXGroup;
			children = (
			);
			path = View;
			sourceTree = "<group>";
		};
		A7FEAA321DC4828F00A013CA /* Tool */ = {
			isa = PBXGroup;
			children = (
				A7FEAA331DC4828F00A013CA /* Bluetooth */,
				A7FEAA341DC4828F00A013CA /* WebUtils */,
			);
			path = Tool;
			sourceTree = "<group>";
		};
		A7FEAA331DC4828F00A013CA /* Bluetooth */ = {
			isa = PBXGroup;
			children = (
			);
			path = Bluetooth;
			sourceTree = "<group>";
		};
		A7FEAA341DC4828F00A013CA /* WebUtils */ = {
			isa = PBXGroup;
			children = (
			);
			path = WebUtils;
			sourceTree = "<group>";
		};
		A7FEAA351DC4828F00A013CA /* Track */ = {
			isa = PBXGroup;
			children = (
				A7FEAA361DC4828F00A013CA /* Controller */,
				A7FEAA371DC4828F00A013CA /* Model */,
				A7FEAA381DC4828F00A013CA /* View */,
			);
			path = Track;
			sourceTree = "<group>";
		};
		A7FEAA361DC4828F00A013CA /* Controller */ = {
			isa = PBXGroup;
			children = (
				A7FEAA401DC4839D00A013CA /* JCTrackViewController.h */,
				A7FEAA411DC4839D00A013CA /* JCTrackViewController.m */,
			);
			path = Controller;
			sourceTree = "<group>";
		};
		A7FEAA371DC4828F00A013CA /* Model */ = {
			isa = PBXGroup;
			children = (
			);
			path = Model;
			sourceTree = "<group>";
		};
		A7FEAA381DC4828F00A013CA /* View */ = {
			isa = PBXGroup;
			children = (
			);
			path = View;
			sourceTree = "<group>";
		};
/* End PBXGroup section */

/* Begin PBXNativeTarget section */
		A7464F2E1DC47F33009C5495 /* Zebra */ = {
			isa = PBXNativeTarget;
			buildConfigurationList = A7464F5C1DC47F33009C5495 /* Build configuration list for PBXNativeTarget "Zebra" */;
			buildPhases = (
				A7464F2B1DC47F33009C5495 /* Sources */,
				A7464F2C1DC47F33009C5495 /* Frameworks */,
				A7464F2D1DC47F33009C5495 /* Resources */,
			);
			buildRules = (
			);
			dependencies = (
			);
			name = Zebra;
			productName = Zebra;
			productReference = A7464F2F1DC47F33009C5495 /* Zebra.app */;
			productType = "com.apple.product-type.application";
		};
		A7464F471DC47F33009C5495 /* ZebraTests */ = {
			isa = PBXNativeTarget;
			buildConfigurationList = A7464F5F1DC47F33009C5495 /* Build configuration list for PBXNativeTarget "ZebraTests" */;
			buildPhases = (
				A7464F441DC47F33009C5495 /* Sources */,
				A7464F451DC47F33009C5495 /* Frameworks */,
				A7464F461DC47F33009C5495 /* Resources */,
			);
			buildRules = (
			);
			dependencies = (
				A7464F4A1DC47F33009C5495 /* PBXTargetDependency */,
			);
			name = ZebraTests;
			productName = ZebraTests;
			productReference = A7464F481DC47F33009C5495 /* ZebraTests.xctest */;
			productType = "com.apple.product-type.bundle.unit-test";
		};
		A7464F521DC47F33009C5495 /* ZebraUITests */ = {
			isa = PBXNativeTarget;
			buildConfigurationList = A7464F621DC47F33009C5495 /* Build configuration list for PBXNativeTarget "ZebraUITests" */;
			buildPhases = (
				A7464F4F1DC47F33009C5495 /* Sources */,
				A7464F501DC47F33009C5495 /* Frameworks */,
				A7464F511DC47F33009C5495 /* Resources */,
			);
			buildRules = (
			);
			dependencies = (
				A7464F551DC47F33009C5495 /* PBXTargetDependency */,
			);
			name = ZebraUITests;
			productName = ZebraUITests;
			productReference = A7464F531DC47F33009C5495 /* ZebraUITests.xctest */;
			productType = "com.apple.product-type.bundle.ui-testing";
		};
/* End PBXNativeTarget section */

/* Begin PBXProject section */
		A7464F271DC47F33009C5495 /* Project object */ = {
			isa = PBXProject;
			attributes = {
				CLASSPREFIX = JC;
				LastUpgradeCheck = 0810;
				ORGANIZATIONNAME = "奥赛龙科技";
				TargetAttributes = {
					A7464F2E1DC47F33009C5495 = {
						CreatedOnToolsVersion = 8.1;
						ProvisioningStyle = Automatic;
					};
					A7464F471DC47F33009C5495 = {
						CreatedOnToolsVersion = 8.1;
						ProvisioningStyle = Automatic;
						TestTargetID = A7464F2E1DC47F33009C5495;
					};
					A7464F521DC47F33009C5495 = {
						CreatedOnToolsVersion = 8.1;
						ProvisioningStyle = Automatic;
						TestTargetID = A7464F2E1DC47F33009C5495;
					};
				};
			};
			buildConfigurationList = A7464F2A1DC47F33009C5495 /* Build configuration list for PBXProject "Zebra" */;
			compatibilityVersion = "Xcode 3.2";
			developmentRegion = English;
			hasScannedForEncodings = 0;
			knownRegions = (
				en,
				Base,
			);
			mainGroup = A7464F261DC47F33009C5495;
			productRefGroup = A7464F301DC47F33009C5495 /* Products */;
			projectDirPath = "";
			projectRoot = "";
			targets = (
				A7464F2E1DC47F33009C5495 /* Zebra */,
				A7464F471DC47F33009C5495 /* ZebraTests */,
				A7464F521DC47F33009C5495 /* ZebraUITests */,
			);
		};
/* End PBXProject section */

/* Begin PBXResourcesBuildPhase section */
		A7464F2D1DC47F33009C5495 /* Resources */ = {
			isa = PBXResourcesBuildPhase;
			buildActionMask = 2147483647;
			files = (
				A7464F421DC47F33009C5495 /* LaunchScreen.storyboard in Resources */,
				A7464F3F1DC47F33009C5495 /* Assets.xcassets in Resources */,
			);
			runOnlyForDeploymentPostprocessing = 0;
		};
		A7464F461DC47F33009C5495 /* Resources */ = {
			isa = PBXResourcesBuildPhase;
			buildActionMask = 2147483647;
			files = (
			);
			runOnlyForDeploymentPostprocessing = 0;
		};
		A7464F511DC47F33009C5495 /* Resources */ = {
			isa = PBXResourcesBuildPhase;
			buildActionMask = 2147483647;
			files = (
			);
			runOnlyForDeploymentPostprocessing = 0;
		};
/* End PBXResourcesBuildPhase section */

/* Begin PBXSourcesBuildPhase section */
		A7464F2B1DC47F33009C5495 /* Sources */ = {
			isa = PBXSourcesBuildPhase;
			buildActionMask = 2147483647;
			files = (
				A7FEAA391DC4828F00A013CA /* AppDelegate.m in Sources */,
				A7FEAA3F1DC4837000A013CA /* JCSportViewController.m in Sources */,
				A7FEAA451DC483AD00A013CA /* JCDiscoverViewController.m in Sources */,
				A7FEAA3A1DC4828F00A013CA /* JCMainNavigation.m in Sources */,
				A7FEAA3C1DC4828F00A013CA /* main.m in Sources */,
				A7FEAA481DC483C200A013CA /* JCPersonalViewController.m in Sources */,
				A7FEAA3B1DC4828F00A013CA /* JCMainTabBar.m in Sources */,
				A7FEAA421DC4839D00A013CA /* JCTrackViewController.m in Sources */,
			);
			runOnlyForDeploymentPostprocessing = 0;
		};
		A7464F441DC47F33009C5495 /* Sources */ = {
			isa = PBXSourcesBuildPhase;
			buildActionMask = 2147483647;
			files = (
				A7464F4D1DC47F33009C5495 /* ZebraTests.m in Sources */,
			);
			runOnlyForDeploymentPostprocessing = 0;
		};
		A7464F4F1DC47F33009C5495 /* Sources */ = {
			isa = PBXSourcesBuildPhase;
			buildActionMask = 2147483647;
			files = (
				A7464F581DC47F33009C5495 /* ZebraUITests.m in Sources */,
			);
			runOnlyForDeploymentPostprocessing = 0;
		};
/* End PBXSourcesBuildPhase section */

/* Begin PBXTargetDependency section */
		A7464F4A1DC47F33009C5495 /* PBXTargetDependency */ = {
			isa = PBXTargetDependency;
			target = A7464F2E1DC47F33009C5495 /* Zebra */;
			targetProxy = A7464F491DC47F33009C5495 /* PBXContainerItemProxy */;
		};
		A7464F551DC47F33009C5495 /* PBXTargetDependency */ = {
			isa = PBXTargetDependency;
			target = A7464F2E1DC47F33009C5495 /* Zebra */;
			targetProxy = A7464F541DC47F33009C5495 /* PBXContainerItemProxy */;
		};
/* End PBXTargetDependency section */

/* Begin PBXVariantGroup section */
		A7464F401DC47F33009C5495 /* LaunchScreen.storyboard */ = {
			isa = PBXVariantGroup;
			children = (
				A7464F411DC47F33009C5495 /* Base */,
			);
			name = LaunchScreen.storyboard;
			sourceTree = "<group>";
		};
/* End PBXVariantGroup section */

/* Begin XCBuildConfiguration section */
		A7464F5A1DC47F33009C5495 /* Debug */ = {
			isa = XCBuildConfiguration;
			buildSettings = {
				ALWAYS_SEARCH_USER_PATHS = NO;
				CLANG_ANALYZER_NONNULL = YES;
				CLANG_CXX_LANGUAGE_STANDARD = "gnu++0x";
				CLANG_CXX_LIBRARY = "libc++";
				CLANG_ENABLE_MODULES = YES;
				CLANG_ENABLE_OBJC_ARC = YES;
				CLANG_WARN_BOOL_CONVERSION = YES;
				CLANG_WARN_CONSTANT_CONVERSION = YES;
				CLANG_WARN_DIRECT_OBJC_ISA_USAGE = YES_ERROR;
				CLANG_WARN_DOCUMENTATION_COMMENTS = YES;
				CLANG_WARN_EMPTY_BODY = YES;
				CLANG_WARN_ENUM_CONVERSION = YES;
				CLANG_WARN_INFINITE_RECURSION = YES;
				CLANG_WARN_INT_CONVERSION = YES;
				CLANG_WARN_OBJC_ROOT_CLASS = YES_ERROR;
				CLANG_WARN_SUSPICIOUS_MOVES = YES;
				CLANG_WARN_UNREACHABLE_CODE = YES;
				CLANG_WARN__DUPLICATE_METHOD_MATCH = YES;
				"CODE_SIGN_IDENTITY[sdk=iphoneos*]" = "iPhone Developer";
				COPY_PHASE_STRIP = NO;
				DEBUG_INFORMATION_FORMAT = dwarf;
				ENABLE_STRICT_OBJC_MSGSEND = YES;
				ENABLE_TESTABILITY = YES;
				GCC_C_LANGUAGE_STANDARD = gnu99;
				GCC_DYNAMIC_NO_PIC = NO;
				GCC_NO_COMMON_BLOCKS = YES;
				GCC_OPTIMIZATION_LEVEL = 0;
				GCC_PREPROCESSOR_DEFINITIONS = (
					"DEBUG=1",
					"$(inherited)",
				);
				GCC_WARN_64_TO_32_BIT_CONVERSION = YES;
				GCC_WARN_ABOUT_RETURN_TYPE = YES_ERROR;
				GCC_WARN_UNDECLARED_SELECTOR = YES;
				GCC_WARN_UNINITIALIZED_AUTOS = YES_AGGRESSIVE;
				GCC_WARN_UNUSED_FUNCTION = YES;
				GCC_WARN_UNUSED_VARIABLE = YES;
				IPHONEOS_DEPLOYMENT_TARGET = 10.1;
				MTL_ENABLE_DEBUG_INFO = YES;
				ONLY_ACTIVE_ARCH = YES;
				SDKROOT = iphoneos;
			};
			name = Debug;
		};
		A7464F5B1DC47F33009C5495 /* Release */ = {
			isa = XCBuildConfiguration;
			buildSettings = {
				ALWAYS_SEARCH_USER_PATHS = NO;
				CLANG_ANALYZER_NONNULL = YES;
				CLANG_CXX_LANGUAGE_STANDARD = "gnu++0x";
				CLANG_CXX_LIBRARY = "libc++";
				CLANG_ENABLE_MODULES = YES;
				CLANG_ENABLE_OBJC_ARC = YES;
				CLANG_WARN_BOOL_CONVERSION = YES;
				CLANG_WARN_CONSTANT_CONVERSION = YES;
				CLANG_WARN_DIRECT_OBJC_ISA_USAGE = YES_ERROR;
				CLANG_WARN_DOCUMENTATION_COMMENTS = YES;
				CLANG_WARN_EMPTY_BODY = YES;
				CLANG_WARN_ENUM_CONVERSION = YES;
				CLANG_WARN_INFINITE_RECURSION = YES;
				CLANG_WARN_INT_CONVERSION = YES;
				CLANG_WARN_OBJC_ROOT_CLASS = YES_ERROR;
				CLANG_WARN_SUSPICIOUS_MOVES = YES;
				CLANG_WARN_UNREACHABLE_CODE = YES;
				CLANG_WARN__DUPLICATE_METHOD_MATCH = YES;
				"CODE_SIGN_IDENTITY[sdk=iphoneos*]" = "iPhone Developer";
				COPY_PHASE_STRIP = NO;
				DEBUG_INFORMATION_FORMAT = "dwarf-with-dsym";
				ENABLE_NS_ASSERTIONS = NO;
				ENABLE_STRICT_OBJC_MSGSEND = YES;
				GCC_C_LANGUAGE_STANDARD = gnu99;
				GCC_NO_COMMON_BLOCKS = YES;
				GCC_WARN_64_TO_32_BIT_CONVERSION = YES;
				GCC_WARN_ABOUT_RETURN_TYPE = YES_ERROR;
				GCC_WARN_UNDECLARED_SELECTOR = YES;
				GCC_WARN_UNINITIALIZED_AUTOS = YES_AGGRESSIVE;
				GCC_WARN_UNUSED_FUNCTION = YES;
				GCC_WARN_UNUSED_VARIABLE = YES;
				IPHONEOS_DEPLOYMENT_TARGET = 10.1;
				MTL_ENABLE_DEBUG_INFO = NO;
				SDKROOT = iphoneos;
				VALIDATE_PRODUCT = YES;
			};
			name = Release;
		};
		A7464F5D1DC47F33009C5495 /* Debug */ = {
			isa = XCBuildConfiguration;
			buildSettings = {
				ASSETCATALOG_COMPILER_APPICON_NAME = AppIcon;
				INFOPLIST_FILE = Zebra/Info.plist;
				LD_RUNPATH_SEARCH_PATHS = "$(inherited) @executable_path/Frameworks";
				PRODUCT_BUNDLE_IDENTIFIER = VentrueZebra.Zebra;
				PRODUCT_NAME = "$(TARGET_NAME)";
			};
			name = Debug;
		};
		A7464F5E1DC47F33009C5495 /* Release */ = {
			isa = XCBuildConfiguration;
			buildSettings = {
				ASSETCATALOG_COMPILER_APPICON_NAME = AppIcon;
				INFOPLIST_FILE = Zebra/Info.plist;
				LD_RUNPATH_SEARCH_PATHS = "$(inherited) @executable_path/Frameworks";
				PRODUCT_BUNDLE_IDENTIFIER = VentrueZebra.Zebra;
				PRODUCT_NAME = "$(TARGET_NAME)";
			};
			name = Release;
		};
		A7464F601DC47F33009C5495 /* Debug */ = {
			isa = XCBuildConfiguration;
			buildSettings = {
				BUNDLE_LOADER = "$(TEST_HOST)";
				INFOPLIST_FILE = ZebraTests/Info.plist;
				LD_RUNPATH_SEARCH_PATHS = "$(inherited) @executable_path/Frameworks @loader_path/Frameworks";
				PRODUCT_BUNDLE_IDENTIFIER = VentrueZebra.ZebraTests;
				PRODUCT_NAME = "$(TARGET_NAME)";
				TEST_HOST = "$(BUILT_PRODUCTS_DIR)/Zebra.app/Zebra";
			};
			name = Debug;
		};
		A7464F611DC47F33009C5495 /* Release */ = {
			isa = XCBuildConfiguration;
			buildSettings = {
				BUNDLE_LOADER = "$(TEST_HOST)";
				INFOPLIST_FILE = ZebraTests/Info.plist;
				LD_RUNPATH_SEARCH_PATHS = "$(inherited) @executable_path/Frameworks @loader_path/Frameworks";
				PRODUCT_BUNDLE_IDENTIFIER = VentrueZebra.ZebraTests;
				PRODUCT_NAME = "$(TARGET_NAME)";
				TEST_HOST = "$(BUILT_PRODUCTS_DIR)/Zebra.app/Zebra";
			};
			name = Release;
		};
		A7464F631DC47F33009C5495 /* Debug */ = {
			isa = XCBuildConfiguration;
			buildSettings = {
				INFOPLIST_FILE = ZebraUITests/Info.plist;
				LD_RUNPATH_SEARCH_PATHS = "$(inherited) @executable_path/Frameworks @loader_path/Frameworks";
				PRODUCT_BUNDLE_IDENTIFIER = VentrueZebra.ZebraUITests;
				PRODUCT_NAME = "$(TARGET_NAME)";
				TEST_TARGET_NAME = Zebra;
			};
			name = Debug;
		};
		A7464F641DC47F33009C5495 /* Release */ = {
			isa = XCBuildConfiguration;
			buildSettings = {
				INFOPLIST_FILE = ZebraUITests/Info.plist;
				LD_RUNPATH_SEARCH_PATHS = "$(inherited) @executable_path/Frameworks @loader_path/Frameworks";
				PRODUCT_BUNDLE_IDENTIFIER = VentrueZebra.ZebraUITests;
				PRODUCT_NAME = "$(TARGET_NAME)";
				TEST_TARGET_NAME = Zebra;
			};
			name = Release;
		};
/* End XCBuildConfiguration section */

/* Begin XCConfigurationList section */
		A7464F2A1DC47F33009C5495 /* Build configuration list for PBXProject "Zebra" */ = {
			isa = XCConfigurationList;
			buildConfigurations = (
				A7464F5A1DC47F33009C5495 /* Debug */,
				A7464F5B1DC47F33009C5495 /* Release */,
			);
			defaultConfigurationIsVisible = 0;
			defaultConfigurationName = Release;
		};
		A7464F5C1DC47F33009C5495 /* Build configuration list for PBXNativeTarget "Zebra" */ = {
			isa = XCConfigurationList;
			buildConfigurations = (
				A7464F5D1DC47F33009C5495 /* Debug */,
				A7464F5E1DC47F33009C5495 /* Release */,
			);
			defaultConfigurationIsVisible = 0;
			defaultConfigurationName = Release;
		};
		A7464F5F1DC47F33009C5495 /* Build configuration list for PBXNativeTarget "ZebraTests" */ = {
			isa = XCConfigurationList;
			buildConfigurations = (
				A7464F601DC47F33009C5495 /* Debug */,
				A7464F611DC47F33009C5495 /* Release */,
			);
			defaultConfigurationIsVisible = 0;
			defaultConfigurationName = Release;
		};
		A7464F621DC47F33009C5495 /* Build configuration list for PBXNativeTarget "ZebraUITests" */ = {
			isa = XCConfigurationList;
			buildConfigurations = (
				A7464F631DC47F33009C5495 /* Debug */,
				A7464F641DC47F33009C5495 /* Release */,
			);
			defaultConfigurationIsVisible = 0;
			defaultConfigurationName = Release;
		};
/* End XCConfigurationList section */
	};
	rootObject = A7464F271DC47F33009C5495 /* Project object */;
}
